<?xml version="1.0" encoding="utf-8"?>
<Project ToolsVersion="4.0" xmlns="http://schemas.microsoft.com/developer/msbuild/2003">
  <ItemGroup>
    <Filter Include="Source Files">
      <UniqueIdentifier>{4FC737F1-C7A5-4376-A066-2A32D752A2FF}</UniqueIdentifier>
      <Extensions>cpp;c;cc;cxx;c++;cppm;ixx;def;odl;idl;hpj;bat;asm;asmx</Extensions>
    </Filter>
    <Filter Include="Header Files">
      <UniqueIdentifier>{93995380-89BD-4b04-88EB-625FBE52EBFB}</UniqueIdentifier>
      <Extensions>h;hh;hpp;hxx;h++;hm;inl;inc;ipp;xsd</Extensions>
    </Filter>
    <Filter Include="Resource Files">
      <UniqueIdentifier>{67DA6AB6-F800-4c08-8B7A-83BB121AAD01}</UniqueIdentifier>
      <Extensions>rc;ico;cur;bmp;dlg;rc2;rct;bin;rgs;gif;jpg;jpeg;jpe;resx;tiff;tif;png;wav;mfcribbon-ms</Extensions>
    </Filter>
    <Filter Include="ImgGUI">
      <UniqueIdentifier>{1ebb611a-18d9-4575-b925-0e9c705328c4}</UniqueIdentifier>
    </Filter>
    <Filter Include="Chip8-Core">
      <UniqueIdentifier>{a474aab8-dcc2-418a-84e5-b92bb9ba829a}</UniqueIdentifier>
    </Filter>
    <Filter Include="LoadINI">
      <UniqueIdentifier>{5f8d35cb-9249-4b9a-a218-4d1ac545600d}</UniqueIdentifier>
    </Filter>
  </ItemGroup>
  <ItemGroup>
    <ClCompile Include="..\src\chip8_sdl2.c">
      <Filter>Source Files</Filter>
    </ClCompile>
    <ClCompile Include="..\src\main.c">
      <Filter>Source Files</Filter>
    </ClCompile>
    <ClCompile Include="..\src\display.c">
      <Filter>Source Files</Filter>
    </ClCompile>
    <ClCompile Include="..\src\window_settings.c">
      <Filter>Source Files</Filter>
    </ClCompile>
    <ClCompile Include="..\src\ui.cpp">
      <Filter>Source Files</Filter>
    </ClCompile>
    <ClCompile Include="..\lib\imgui\imgui.cpp">
      <Filter>ImgGUI</Filter>
    </ClCompile>
    <ClCompile Include="..\lib\imgui\imgui_widgets.cpp">
      <Filter>ImgGUI</Filter>
    </ClCompile>
    <ClCompile Include="..\lib\imgui\imgui_tables.cpp">
      <Filter>ImgGUI</Filter>
    </ClCompile>
    <ClCompile Include="..\lib\imgui\backends\imgui_impl_sdlrenderer2.cpp">
      <Filter>ImgGUI</Filter>
    </ClCompile>
    <ClCompile Include="..\lib\imgui\backends\imgui_impl_sdl2.cpp">
      <Filter>ImgGUI</Filter>
    </ClCompile>
    <ClCompile Include="..\lib\imgui\imgui_draw.cpp">
      <Filter>ImgGUI</Filter>
    </ClCompile>
    <ClCompile Include="..\src\load_ini\loadini.c">
      <Filter>LoadINI</Filter>
    </ClCompile>
    <ClCompile Include="..\lib\Chip8-Core\chip8.c">
      <Filter>Chip8-Core</Filter>
    </ClCompile>
    <ClCompile Include="..\lib\Chip8-Core\chip8_mnem.c">
      <Filter>Chip8-Core</Filter>
    </ClCompile>
    <ClCompile Include="..\src\input.c">
      <Filter>Source Files</Filter>
    </ClCompile>
  </ItemGroup>
  <ItemGroup>
    <ClInclude Include="..\src\chip8_sdl2.h">
      <Filter>Header Files</Filter>
    </ClInclude>
    <ClInclude Include="..\src\display.h">
      <Filter>Header Files</Filter>
    </ClInclude>
    <ClInclude Include="..\src\ui.h">
      <Filter>Header Files</Filter>
    </ClInclude>
    <ClInclude Include="..\src\load_ini\loadini.h">
      <Filter>LoadINI</Filter>
    </ClInclude>
    <ClInclude Include="..\lib\Chip8-Core\chip8.h">
      <Filter>Chip8-Core</Filter>
    </ClInclude>
    <ClInclude Include="..\lib\Chip8-Core\chip8_defines.h">
      <Filter>Chip8-Core</Filter>
    </ClInclude>
    <ClInclude Include="..\lib\Chip8-Core\chip8_mnem.h">
      <Filter>Chip8-Core</Filter>
    </ClInclude>
  </ItemGroup>
  <ItemGroup>
    <Image Include="..\assets\icon.ico">
      <Filter>Resource Files</Filter>
    </Image>
  </ItemGroup>
</Project>